
Microsoft Visual Studio Solution File, Format Version 12.00
# Visual Studio Version 17
VisualStudioVersion = 17.13.35806.99 d17.13
MinimumVisualStudioVersion = 10.0.40219.1
Project("{8BC9CEB8-8B4A-11D0-8D11-00A0C91BC942}") = "BeatToWAV", "BeatToWAV\BeatToWAV.vcxproj", "{28258A6A-03EB-4D19-A148-245A4C5A30D9}"
EndProject
Global
	GlobalSection(SolutionConfigurationPlatforms) = preSolution
		Debug|x64 = Debug|x64
		Debug|x86 = Debug|x86
		Release|x64 = Release|x64
		Release|x86 = Release|x86
	EndGlobalSection
	GlobalSection(ProjectConfigurationPlatforms) = postSolution
		{28258A6A-03EB-4D19-A148-245A4C5A30D9}.Debug|x64.ActiveCfg = Debug|x64
		{28258A6A-03EB-4D19-A148-245A4C5A30D9}.Debug|x64.Build.0 = Debug|x64
		{28258A6A-03EB-4D19-A148-245A4C5A30D9}.Debug|x86.ActiveCfg = Debug|Win32
		{28258A6A-03EB-4D19-A148-245A4C5A30D9}.Debug|x86.Build.0 = Debug|Win32
		{28258A6A-03EB-4D19-A148-245A4C5A30D9}.Release|x64.ActiveCfg = Release|x64
		{28258A6A-03EB-4D19-A148-245A4C5A30D9}.Release|x64.Build.0 = Release|x64
		{28258A6A-03EB-4D19-A148-245A4C5A30D9}.Release|x86.ActiveCfg = Release|Win32
		{28258A6A-03EB-4D19-A148-245A4C5A30D9}.Release|x86.Build.0 = Release|Win32
	EndGlobalSection
	GlobalSection(SolutionProperties) = preSolution
		HideSolutionNode = FALSE
	EndGlobalSection
	GlobalSection(ExtensibilityGlobals) = postSolution
		SolutionGuid = {96931F5E-C6F3-4F12-8F8F-F9D076D5B5D6}
	EndGlobalSection
EndGlobal
